
Microsoft Visual Studio Solution File, Format Version 12.00
# Visual Studio 15
VisualStudioVersion = 15.0.26730.16
MinimumVisualStudioVersion = 10.0.40219.1
Project("{FAE04EC0-301F-11D3-BF4B-00C04F79EFBC}") = "WebApplication1", "WebApplication1.csproj", "{7AAE9C0A-440C-44EF-BD99-9D8B5CA8237E}"
EndProject
Global
	GlobalSection(SolutionConfigurationPlatforms) = preSolution
		Debug|Any CPU = Debug|Any CPU
		Release|Any CPU = Release|Any CPU
	EndGlobalSection
	GlobalSection(ProjectConfigurationPlatforms) = postSolution
		{7AAE9C0A-440C-44EF-BD99-9D8B5CA8237E}.Debug|Any CPU.ActiveCfg = Debug|Any CPU
		{7AAE9C0A-440C-44EF-BD99-9D8B5CA8237E}.Debug|Any CPU.Build.0 = Debug|Any CPU
		{7AAE9C0A-440C-44EF-BD99-9D8B5CA8237E}.Release|Any CPU.ActiveCfg = Release|Any CPU
		{7AAE9C0A-440C-44EF-BD99-9D8B5CA8237E}.Release|Any CPU.Build.0 = Release|Any CPU
	EndGlobalSection
	GlobalSection(SolutionProperties) = preSolution
		HideSolutionNode = FALSE
	EndGlobalSection
	GlobalSection(ExtensibilityGlobals) = postSolution
		SolutionGuid = {E4EE3588-177A-4664-8AF8-8F342F98E39B}
	EndGlobalSection
EndGlobal
